
Microsoft Visual Studio Solution File, Format Version 12.00
# Visual Studio Version 17
VisualStudioVersion = 17.12.35527.113 d17.12
MinimumVisualStudioVersion = 10.0.40219.1
Project("{FAE04EC0-301F-11D3-BF4B-00C04F79EFBC}") = "DOKUSHArp", "DOKUSHArp\DOKUSHArp.csproj", "{68277026-C692-4D13-A742-EB3152C19FF6}"
EndProject
Project("{FAE04EC0-301F-11D3-BF4B-00C04F79EFBC}") = "DOKUSHArp.AppHost", "DOKUSHArp.AppHost\DOKUSHArp.AppHost.csproj", "{6926FACF-7F95-454C-867A-00FA9CFD6B2B}"
EndProject
Project("{FAE04EC0-301F-11D3-BF4B-00C04F79EFBC}") = "DOKUSHArp.ServiceDefaults", "DOKUSHArp.ServiceDefaults\DOKUSHArp.ServiceDefaults.csproj", "{B939179A-1577-4D7F-B4FB-30A074D318E7}"
EndProject
Global
	GlobalSection(SolutionConfigurationPlatforms) = preSolution
		Debug|Any CPU = Debug|Any CPU
		Release|Any CPU = Release|Any CPU
	EndGlobalSection
	GlobalSection(ProjectConfigurationPlatforms) = postSolution
		{68277026-C692-4D13-A742-EB3152C19FF6}.Debug|Any CPU.ActiveCfg = Debug|Any CPU
		{68277026-C692-4D13-A742-EB3152C19FF6}.Debug|Any CPU.Build.0 = Debug|Any CPU
		{68277026-C692-4D13-A742-EB3152C19FF6}.Release|Any CPU.ActiveCfg = Release|Any CPU
		{68277026-C692-4D13-A742-EB3152C19FF6}.Release|Any CPU.Build.0 = Release|Any CPU
		{6926FACF-7F95-454C-867A-00FA9CFD6B2B}.Debug|Any CPU.ActiveCfg = Debug|Any CPU
		{6926FACF-7F95-454C-867A-00FA9CFD6B2B}.Debug|Any CPU.Build.0 = Debug|Any CPU
		{6926FACF-7F95-454C-867A-00FA9CFD6B2B}.Release|Any CPU.ActiveCfg = Release|Any CPU
		{6926FACF-7F95-454C-867A-00FA9CFD6B2B}.Release|Any CPU.Build.0 = Release|Any CPU
		{B939179A-1577-4D7F-B4FB-30A074D318E7}.Debug|Any CPU.ActiveCfg = Debug|Any CPU
		{B939179A-1577-4D7F-B4FB-30A074D318E7}.Debug|Any CPU.Build.0 = Debug|Any CPU
		{B939179A-1577-4D7F-B4FB-30A074D318E7}.Release|Any CPU.ActiveCfg = Release|Any CPU
		{B939179A-1577-4D7F-B4FB-30A074D318E7}.Release|Any CPU.Build.0 = Release|Any CPU
	EndGlobalSection
	GlobalSection(SolutionProperties) = preSolution
		HideSolutionNode = FALSE
	EndGlobalSection
EndGlobal
